
Microsoft Visual Studio Solution File, Format Version 12.00
# Visual Studio Version 18
VisualStudioVersion = 18.3.11222.16 d18.3
MinimumVisualStudioVersion = 10.0.40219.1
Project("{FAE04EC0-301F-11D3-BF4B-00C04F79EFBC}") = "Bebochka.Api", "Bebochka.Api.csproj", "{67460EA2-CF6B-7FE3-47C3-AF3851EBD5B7}"
EndProject
Global
	GlobalSection(SolutionConfigurationPlatforms) = preSolution
		Debug|Any CPU = Debug|Any CPU
		Release|Any CPU = Release|Any CPU
	EndGlobalSection
	GlobalSection(ProjectConfigurationPlatforms) = postSolution
		{67460EA2-CF6B-7FE3-47C3-AF3851EBD5B7}.Debug|Any CPU.ActiveCfg = Debug|Any CPU
		{67460EA2-CF6B-7FE3-47C3-AF3851EBD5B7}.Debug|Any CPU.Build.0 = Debug|Any CPU
		{67460EA2-CF6B-7FE3-47C3-AF3851EBD5B7}.Release|Any CPU.ActiveCfg = Release|Any CPU
		{67460EA2-CF6B-7FE3-47C3-AF3851EBD5B7}.Release|Any CPU.Build.0 = Release|Any CPU
	EndGlobalSection
	GlobalSection(SolutionProperties) = preSolution
		HideSolutionNode = FALSE
	EndGlobalSection
	GlobalSection(ExtensibilityGlobals) = postSolution
		SolutionGuid = {490C509B-F80A-4B02-B800-0E7822706210}
	EndGlobalSection
EndGlobal
